
Microsoft Visual Studio Solution File, Format Version 12.00
# Visual Studio Version 16
VisualStudioVersion = 16.0.33927.289
MinimumVisualStudioVersion = 10.0.40219.1
Project("{FAE04EC0-301F-11D3-BF4B-00C04F79EFBC}") = "WpfApp_XamDataCards_AutoFitCards", "WpfApp_XamDataCards_AutoFitCards\WpfApp_XamDataCards_AutoFitCards.csproj", "{110A3E20-6773-4754-AC79-61A21808DB7C}"
EndProject
Global
	GlobalSection(SolutionConfigurationPlatforms) = preSolution
		Debug|Any CPU = Debug|Any CPU
		Release|Any CPU = Release|Any CPU
	EndGlobalSection
	GlobalSection(ProjectConfigurationPlatforms) = postSolution
		{110A3E20-6773-4754-AC79-61A21808DB7C}.Debug|Any CPU.ActiveCfg = Debug|Any CPU
		{110A3E20-6773-4754-AC79-61A21808DB7C}.Debug|Any CPU.Build.0 = Debug|Any CPU
		{110A3E20-6773-4754-AC79-61A21808DB7C}.Release|Any CPU.ActiveCfg = Release|Any CPU
		{110A3E20-6773-4754-AC79-61A21808DB7C}.Release|Any CPU.Build.0 = Release|Any CPU
	EndGlobalSection
	GlobalSection(SolutionProperties) = preSolution
		HideSolutionNode = FALSE
	EndGlobalSection
	GlobalSection(ExtensibilityGlobals) = postSolution
		SolutionGuid = {08012D00-E68C-4137-8EA7-18E5E21CD9B7}
	EndGlobalSection
EndGlobal
